// !$*UTF8*$!
{
	archiveVersion = 1;
	classes = {
	};
	objectVersion = 55;
	objects = {

/* Begin PBXBuildFile section */
		1850E7C2272AEDD200224BE5 /* CloudKit.framework in Frameworks */ = {isa = PBXBuildFile; fileRef = 1850E7C1272AEDD200224BE5 /* CloudKit.framework */; };
		1853F00A2725B111006A9CB5 /* AddTireView.swift in Sources */ = {isa = PBXBuildFile; fileRef = 1853F0092725B111006A9CB5 /* AddTireView.swift */; };
		185BC7CC27224FD700A8DD32 /* CoreDataModel.swift in Sources */ = {isa = PBXBuildFile; fileRef = 185BC7CB27224FD700A8DD32 /* CoreDataModel.swift */; };
		189EF948274D9A990044D924 /* TyreViewModel.swift in Sources */ = {isa = PBXBuildFile; fileRef = 189EF947274D9A990044D924 /* TyreViewModel.swift */; };
		18C0059D273DFA3A005492B7 /* SplashScreen.swift in Sources */ = {isa = PBXBuildFile; fileRef = 18C0059C273DFA3A005492B7 /* SplashScreen.swift */; };
		18C3A0FB271DADAD005EB3E9 /* Tyre_MylesApp.swift in Sources */ = {isa = PBXBuildFile; fileRef = 18C3A0FA271DADAD005EB3E9 /* Tyre_MylesApp.swift */; };
		18C3A0FD271DADAD005EB3E9 /* ContentView.swift in Sources */ = {isa = PBXBuildFile; fileRef = 18C3A0FC271DADAD005EB3E9 /* ContentView.swift */; };
		18C3A0FF271DADAE005EB3E9 /* Assets.xcassets in Resources */ = {isa = PBXBuildFile; fileRef = 18C3A0FE271DADAE005EB3E9 /* Assets.xcassets */; };
		18C3A102271DADAE005EB3E9 /* Preview Assets.xcassets in Resources */ = {isa = PBXBuildFile; fileRef = 18C3A101271DADAE005EB3E9 /* Preview Assets.xcassets */; };
		18C3A104271DADAE005EB3E9 /* Persistence.swift in Sources */ = {isa = PBXBuildFile; fileRef = 18C3A103271DADAE005EB3E9 /* Persistence.swift */; };
		18C3A107271DADAE005EB3E9 /* Tyre_Myles.xcdatamodeld in Sources */ = {isa = PBXBuildFile; fileRef = 18C3A105271DADAE005EB3E9 /* Tyre_Myles.xcdatamodeld */; };
		18DF102E276028A0001C0463 /* NotesView.swift in Sources */ = {isa = PBXBuildFile; fileRef = 18DF102D276028A0001C0463 /* NotesView.swift */; };
		18EB7798271F665A00905BE1 /* DateMilageView.swift in Sources */ = {isa = PBXBuildFile; fileRef = 18EB7797271F665A00905BE1 /* DateMilageView.swift */; };
		18EB779A271FB97100905BE1 /* EditTireView.swift in Sources */ = {isa = PBXBuildFile; fileRef = 18EB7799271FB97100905BE1 /* EditTireView.swift */; };
/* End PBXBuildFile section */

/* Begin PBXFileReference section */
		1850E7C1272AEDD200224BE5 /* CloudKit.framework */ = {isa = PBXFileReference; lastKnownFileType = wrapper.framework; name = CloudKit.framework; path = Platforms/MacOSX.platform/Developer/SDKs/MacOSX12.0.sdk/System/Library/Frameworks/CloudKit.framework; sourceTree = DEVELOPER_DIR; };
		1853F0092725B111006A9CB5 /* AddTireView.swift */ = {isa = PBXFileReference; lastKnownFileType = sourcecode.swift; path = AddTireView.swift; sourceTree = "<group>"; };
		185BC7CB27224FD700A8DD32 /* CoreDataModel.swift */ = {isa = PBXFileReference; lastKnownFileType = sourcecode.swift; path = CoreDataModel.swift; sourceTree = "<group>"; };
		189EF947274D9A990044D924 /* TyreViewModel.swift */ = {isa = PBXFileReference; lastKnownFileType = sourcecode.swift; path = TyreViewModel.swift; sourceTree = "<group>"; };
		18C0059C273DFA3A005492B7 /* SplashScreen.swift */ = {isa = PBXFileReference; lastKnownFileType = sourcecode.swift; path = SplashScreen.swift; sourceTree = "<group>"; };
		18C3A0F7271DADAD005EB3E9 /* Tyre Myles.app */ = {isa = PBXFileReference; explicitFileType = wrapper.application; includeInIndex = 0; path = "Tyre Myles.app"; sourceTree = BUILT_PRODUCTS_DIR; };
		18C3A0FA271DADAD005EB3E9 /* Tyre_MylesApp.swift */ = {isa = PBXFileReference; lastKnownFileType = sourcecode.swift; path = Tyre_MylesApp.swift; sourceTree = "<group>"; };
		18C3A0FC271DADAD005EB3E9 /* ContentView.swift */ = {isa = PBXFileReference; lastKnownFileType = sourcecode.swift; path = ContentView.swift; sourceTree = "<group>"; };
		18C3A0FE271DADAE005EB3E9 /* Assets.xcassets */ = {isa = PBXFileReference; lastKnownFileType = folder.assetcatalog; path = Assets.xcassets; sourceTree = "<group>"; };
		18C3A101271DADAE005EB3E9 /* Preview Assets.xcassets */ = {isa = PBXFileReference; lastKnownFileType = folder.assetcatalog; path = "Preview Assets.xcassets"; sourceTree = "<group>"; };
		18C3A103271DADAE005EB3E9 /* Persistence.swift */ = {isa = PBXFileReference; lastKnownFileType = sourcecode.swift; path = Persistence.swift; sourceTree = "<group>"; };
		18C3A106271DADAE005EB3E9 /* Tyre_Myles.xcdatamodel */ = {isa = PBXFileReference; lastKnownFileType = wrapper.xcdatamodel; path = Tyre_Myles.xcdatamodel; sourceTree = "<group>"; };
		18C3A10D271DADD9005EB3E9 /* Tyre-Myles-Info.plist */ = {isa = PBXFileReference; lastKnownFileType = text.plist; path = "Tyre-Myles-Info.plist"; sourceTree = SOURCE_ROOT; };
		18C3A10E271DADE0005EB3E9 /* Tyre Myles.entitlements */ = {isa = PBXFileReference; lastKnownFileType = text.plist.entitlements; path = "Tyre Myles.entitlements"; sourceTree = "<group>"; };
		18DF102D276028A0001C0463 /* NotesView.swift */ = {isa = PBXFileReference; lastKnownFileType = sourcecode.swift; path = NotesView.swift; sourceTree = "<group>"; };
		18EB7797271F665A00905BE1 /* DateMilageView.swift */ = {isa = PBXFileReference; lastKnownFileType = sourcecode.swift; path = DateMilageView.swift; sourceTree = "<group>"; };
		18EB7799271FB97100905BE1 /* EditTireView.swift */ = {isa = PBXFileReference; lastKnownFileType = sourcecode.swift; path = EditTireView.swift; sourceTree = "<group>"; };
/* End PBXFileReference section */

/* Begin PBXFrameworksBuildPhase section */
		18C3A0F4271DADAD005EB3E9 /* Frameworks */ = {
			isa = PBXFrameworksBuildPhase;
			buildActionMask = 2147483647;
			files = (
				1850E7C2272AEDD200224BE5 /* CloudKit.framework in Frameworks */,
			);
			runOnlyForDeploymentPostprocessing = 0;
		};
/* End PBXFrameworksBuildPhase section */

/* Begin PBXGroup section */
		1850E7BF272AED0100224BE5 /* DataModel */ = {
			isa = PBXGroup;
			children = (
				18FC15FF27833495006E707B /* CoreData */,
			);
			path = DataModel;
			sourceTree = "<group>";
		};
		1850E7C0272AEDD200224BE5 /* Frameworks */ = {
			isa = PBXGroup;
			children = (
				1850E7C1272AEDD200224BE5 /* CloudKit.framework */,
			);
			name = Frameworks;
			sourceTree = "<group>";
		};
		18C3A0EE271DADAD005EB3E9 = {
			isa = PBXGroup;
			children = (
				18C3A0F9271DADAD005EB3E9 /* Tyre Myles */,
				18C3A0F8271DADAD005EB3E9 /* Products */,
				1850E7C0272AEDD200224BE5 /* Frameworks */,
			);
			sourceTree = "<group>";
		};
		18C3A0F8271DADAD005EB3E9 /* Products */ = {
			isa = PBXGroup;
			children = (
				18C3A0F7271DADAD005EB3E9 /* Tyre Myles.app */,
			);
			name = Products;
			sourceTree = "<group>";
		};
		18C3A0F9271DADAD005EB3E9 /* Tyre Myles */ = {
			isa = PBXGroup;
			children = (
				18C3A10E271DADE0005EB3E9 /* Tyre Myles.entitlements */,
				18C3A10D271DADD9005EB3E9 /* Tyre-Myles-Info.plist */,
				18C3A0FA271DADAD005EB3E9 /* Tyre_MylesApp.swift */,
				18F1D4AC27FFCB60007C8768 /* View Model */,
				18E2E390276FAF45006E2200 /* Views */,
				1850E7BF272AED0100224BE5 /* DataModel */,
				18C3A0FE271DADAE005EB3E9 /* Assets.xcassets */,
				18C3A105271DADAE005EB3E9 /* Tyre_Myles.xcdatamodeld */,
				18C3A100271DADAE005EB3E9 /* Preview Content */,
			);
			path = "Tyre Myles";
			sourceTree = "<group>";
		};
		18C3A100271DADAE005EB3E9 /* Preview Content */ = {
			isa = PBXGroup;
			children = (
				18C3A101271DADAE005EB3E9 /* Preview Assets.xcassets */,
			);
			path = "Preview Content";
			sourceTree = "<group>";
		};
		18E2E390276FAF45006E2200 /* Views */ = {
			isa = PBXGroup;
			children = (
				18C3A0FC271DADAD005EB3E9 /* ContentView.swift */,
				18EB7797271F665A00905BE1 /* DateMilageView.swift */,
				1853F0092725B111006A9CB5 /* AddTireView.swift */,
				18EB7799271FB97100905BE1 /* EditTireView.swift */,
				18DF102D276028A0001C0463 /* NotesView.swift */,
				18C0059C273DFA3A005492B7 /* SplashScreen.swift */,
			);
			path = Views;
			sourceTree = "<group>";
		};
		18F1D4AC27FFCB60007C8768 /* View Model */ = {
			isa = PBXGroup;
			children = (
				189EF947274D9A990044D924 /* TyreViewModel.swift */,
			);
			path = "View Model";
			sourceTree = "<group>";
		};
		18FC15FF27833495006E707B /* CoreData */ = {
			isa = PBXGroup;
			children = (
				185BC7CB27224FD700A8DD32 /* CoreDataModel.swift */,
				18C3A103271DADAE005EB3E9 /* Persistence.swift */,
			);
			path = CoreData;
			sourceTree = "<group>";
		};
/* End PBXGroup section */

/* Begin PBXNativeTarget section */
		18C3A0F6271DADAD005EB3E9 /* Tyre Myles */ = {
			isa = PBXNativeTarget;
			buildConfigurationList = 18C3A10A271DADAE005EB3E9 /* Build configuration list for PBXNativeTarget "Tyre Myles" */;
			buildPhases = (
				18C3A0F3271DADAD005EB3E9 /* Sources */,
				18C3A0F4271DADAD005EB3E9 /* Frameworks */,
				18C3A0F5271DADAD005EB3E9 /* Resources */,
			);
			buildRules = (
			);
			dependencies = (
			);
			name = "Tyre Myles";
			productName = "Tyre Myles";
			productReference = 18C3A0F7271DADAD005EB3E9 /* Tyre Myles.app */;
			productType = "com.apple.product-type.application";
		};
/* End PBXNativeTarget section */

/* Begin PBXProject section */
		18C3A0EF271DADAD005EB3E9 /* Project object */ = {
			isa = PBXProject;
			attributes = {
				BuildIndependentTargetsInParallel = 1;
				LastSwiftUpdateCheck = 1300;
				LastUpgradeCheck = 1300;
				TargetAttributes = {
					18C3A0F6271DADAD005EB3E9 = {
						CreatedOnToolsVersion = 13.0;
					};
				};
			};
			buildConfigurationList = 18C3A0F2271DADAD005EB3E9 /* Build configuration list for PBXProject "Tyre Myles" */;
			compatibilityVersion = "Xcode 13.0";
			developmentRegion = en;
			hasScannedForEncodings = 0;
			knownRegions = (
				en,
				Base,
			);
			mainGroup = 18C3A0EE271DADAD005EB3E9;
			productRefGroup = 18C3A0F8271DADAD005EB3E9 /* Products */;
			projectDirPath = "";
			projectRoot = "";
			targets = (
				18C3A0F6271DADAD005EB3E9 /* Tyre Myles */,
			);
		};
/* End PBXProject section */

/* Begin PBXResourcesBuildPhase section */
		18C3A0F5271DADAD005EB3E9 /* Resources */ = {
			isa = PBXResourcesBuildPhase;
			buildActionMask = 2147483647;
			files = (
				18C3A102271DADAE005EB3E9 /* Preview Assets.xcassets in Resources */,
				18C3A0FF271DADAE005EB3E9 /* Assets.xcassets in Resources */,
			);
			runOnlyForDeploymentPostprocessing = 0;
		};
/* End PBXResourcesBuildPhase section */

/* Begin PBXSourcesBuildPhase section */
		18C3A0F3271DADAD005EB3E9 /* Sources */ = {
			isa = PBXSourcesBuildPhase;
			buildActionMask = 2147483647;
			files = (
				18C0059D273DFA3A005492B7 /* SplashScreen.swift in Sources */,
				18C3A107271DADAE005EB3E9 /* Tyre_Myles.xcdatamodeld in Sources */,
				189EF948274D9A990044D924 /* TyreViewModel.swift in Sources */,
				18EB779A271FB97100905BE1 /* EditTireView.swift in Sources */,
				18EB7798271F665A00905BE1 /* DateMilageView.swift in Sources */,
				1853F00A2725B111006A9CB5 /* AddTireView.swift in Sources */,
				185BC7CC27224FD700A8DD32 /* CoreDataModel.swift in Sources */,
				18C3A104271DADAE005EB3E9 /* Persistence.swift in Sources */,
				18DF102E276028A0001C0463 /* NotesView.swift in Sources */,
				18C3A0FD271DADAD005EB3E9 /* ContentView.swift in Sources */,
				18C3A0FB271DADAD005EB3E9 /* Tyre_MylesApp.swift in Sources */,
			);
			runOnlyForDeploymentPostprocessing = 0;
		};
/* End PBXSourcesBuildPhase section */

/* Begin XCBuildConfiguration section */
		18C3A108271DADAE005EB3E9 /* Debug */ = {
			isa = XCBuildConfiguration;
			buildSettings = {
				ALWAYS_SEARCH_USER_PATHS = NO;
				CLANG_ANALYZER_NONNULL = YES;
				CLANG_ANALYZER_NUMBER_OBJECT_CONVERSION = YES_AGGRESSIVE;
				CLANG_CXX_LANGUAGE_STANDARD = "gnu++17";
				CLANG_CXX_LIBRARY = "libc++";
				CLANG_ENABLE_MODULES = YES;
				CLANG_ENABLE_OBJC_ARC = YES;
				CLANG_ENABLE_OBJC_WEAK = YES;
				CLANG_WARN_BLOCK_CAPTURE_AUTORELEASING = YES;
				CLANG_WARN_BOOL_CONVERSION = YES;
				CLANG_WARN_COMMA = YES;
				CLANG_WARN_CONSTANT_CONVERSION = YES;
				CLANG_WARN_DEPRECATED_OBJC_IMPLEMENTATIONS = YES;
				CLANG_WARN_DIRECT_OBJC_ISA_USAGE = YES_ERROR;
				CLANG_WARN_DOCUMENTATION_COMMENTS = YES;
				CLANG_WARN_EMPTY_BODY = YES;
				CLANG_WARN_ENUM_CONVERSION = YES;
				CLANG_WARN_INFINITE_RECURSION = YES;
				CLANG_WARN_INT_CONVERSION = YES;
				CLANG_WARN_NON_LITERAL_NULL_CONVERSION = YES;
				CLANG_WARN_OBJC_IMPLICIT_RETAIN_SELF = YES;
				CLANG_WARN_OBJC_LITERAL_CONVERSION = YES;
				CLANG_WARN_OBJC_ROOT_CLASS = YES_ERROR;
				CLANG_WARN_QUOTED_INCLUDE_IN_FRAMEWORK_HEADER = YES;
				CLANG_WARN_RANGE_LOOP_ANALYSIS = YES;
				CLANG_WARN_STRICT_PROTOTYPES = YES;
				CLANG_WARN_SUSPICIOUS_MOVE = YES;
				CLANG_WARN_UNGUARDED_AVAILABILITY = YES_AGGRESSIVE;
				CLANG_WARN_UNREACHABLE_CODE = YES;
				CLANG_WARN__DUPLICATE_METHOD_MATCH = YES;
				COPY_PHASE_STRIP = NO;
				DEBUG_INFORMATION_FORMAT = dwarf;
				ENABLE_STRICT_OBJC_MSGSEND = YES;
				ENABLE_TESTABILITY = YES;
				GCC_C_LANGUAGE_STANDARD = gnu11;
				GCC_DYNAMIC_NO_PIC = NO;
				GCC_NO_COMMON_BLOCKS = YES;
				GCC_OPTIMIZATION_LEVEL = 0;
				GCC_PREPROCESSOR_DEFINITIONS = (
					"DEBUG=1",
					"$(inherited)",
				);
				GCC_WARN_64_TO_32_BIT_CONVERSION = YES;
				GCC_WARN_ABOUT_RETURN_TYPE = YES_ERROR;
				GCC_WARN_UNDECLARED_SELECTOR = YES;
				GCC_WARN_UNINITIALIZED_AUTOS = YES_AGGRESSIVE;
				GCC_WARN_UNUSED_FUNCTION = YES;
				GCC_WARN_UNUSED_VARIABLE = YES;
				IPHONEOS_DEPLOYMENT_TARGET = 15.0;
				MTL_ENABLE_DEBUG_INFO = INCLUDE_SOURCE;
				MTL_FAST_MATH = YES;
				ONLY_ACTIVE_ARCH = YES;
				SDKROOT = iphoneos;
				SWIFT_ACTIVE_COMPILATION_CONDITIONS = DEBUG;
				SWIFT_OPTIMIZATION_LEVEL = "-Onone";
			};
			name = Debug;
		};
		18C3A109271DADAE005EB3E9 /* Release */ = {
			isa = XCBuildConfiguration;
			buildSettings = {
				ALWAYS_SEARCH_USER_PATHS = NO;
				CLANG_ANALYZER_NONNULL = YES;
				CLANG_ANALYZER_NUMBER_OBJECT_CONVERSION = YES_AGGRESSIVE;
				CLANG_CXX_LANGUAGE_STANDARD = "gnu++17";
				CLANG_CXX_LIBRARY = "libc++";
				CLANG_ENABLE_MODULES = YES;
				CLANG_ENABLE_OBJC_ARC = YES;
				CLANG_ENABLE_OBJC_WEAK = YES;
				CLANG_WARN_BLOCK_CAPTURE_AUTORELEASING = YES;
				CLANG_WARN_BOOL_CONVERSION = YES;
				CLANG_WARN_COMMA = YES;
				CLANG_WARN_CONSTANT_CONVERSION = YES;
				CLANG_WARN_DEPRECATED_OBJC_IMPLEMENTATIONS = YES;
				CLANG_WARN_DIRECT_OBJC_ISA_USAGE = YES_ERROR;
				CLANG_WARN_DOCUMENTATION_COMMENTS = YES;
				CLANG_WARN_EMPTY_BODY = YES;
				CLANG_WARN_ENUM_CONVERSION = YES;
				CLANG_WARN_INFINITE_RECURSION = YES;
				CLANG_WARN_INT_CONVERSION = YES;
				CLANG_WARN_NON_LITERAL_NULL_CONVERSION = YES;
				CLANG_WARN_OBJC_IMPLICIT_RETAIN_SELF = YES;
				CLANG_WARN_OBJC_LITERAL_CONVERSION = YES;
				CLANG_WARN_OBJC_ROOT_CLASS = YES_ERROR;
				CLANG_WARN_QUOTED_INCLUDE_IN_FRAMEWORK_HEADER = YES;
				CLANG_WARN_RANGE_LOOP_ANALYSIS = YES;
				CLANG_WARN_STRICT_PROTOTYPES = YES;
				CLANG_WARN_SUSPICIOUS_MOVE = YES;
				CLANG_WARN_UNGUARDED_AVAILABILITY = YES_AGGRESSIVE;
				CLANG_WARN_UNREACHABLE_CODE = YES;
				CLANG_WARN__DUPLICATE_METHOD_MATCH = YES;
				COPY_PHASE_STRIP = NO;
				DEBUG_INFORMATION_FORMAT = "dwarf-with-dsym";
				ENABLE_NS_ASSERTIONS = NO;
				ENABLE_STRICT_OBJC_MSGSEND = YES;
				GCC_C_LANGUAGE_STANDARD = gnu11;
				GCC_NO_COMMON_BLOCKS = YES;
				GCC_WARN_64_TO_32_BIT_CONVERSION = YES;
				GCC_WARN_ABOUT_RETURN_TYPE = YES_ERROR;
				GCC_WARN_UNDECLARED_SELECTOR = YES;
				GCC_WARN_UNINITIALIZED_AUTOS = YES_AGGRESSIVE;
				GCC_WARN_UNUSED_FUNCTION = YES;
				GCC_WARN_UNUSED_VARIABLE = YES;
				IPHONEOS_DEPLOYMENT_TARGET = 15.0;
				MTL_ENABLE_DEBUG_INFO = NO;
				MTL_FAST_MATH = YES;
				SDKROOT = iphoneos;
				SWIFT_COMPILATION_MODE = wholemodule;
				SWIFT_OPTIMIZATION_LEVEL = "-O";
				VALIDATE_PRODUCT = YES;
			};
			name = Release;
		};
		18C3A10B271DADAE005EB3E9 /* Debug */ = {
			isa = XCBuildConfiguration;
			buildSettings = {
				ASSETCATALOG_COMPILER_APPICON_NAME = AppIcon;
				ASSETCATALOG_COMPILER_GLOBAL_ACCENT_COLOR_NAME = AccentColor;
				CODE_SIGN_ENTITLEMENTS = "Tyre Myles/Tyre Myles.entitlements";
				CODE_SIGN_STYLE = Automatic;
				CURRENT_PROJECT_VERSION = 7;
				DEVELOPMENT_ASSET_PATHS = "\"Tyre Myles/Preview Content\"";
				DEVELOPMENT_TEAM = 4Q332864D3;
				ENABLE_PREVIEWS = YES;
				GENERATE_INFOPLIST_FILE = YES;
				INFOPLIST_FILE = "Tyre-Myles-Info.plist";
				INFOPLIST_KEY_UIApplicationSupportsIndirectInputEvents = YES;
				INFOPLIST_KEY_UILaunchScreen_Generation = YES;
				INFOPLIST_KEY_UISupportedInterfaceOrientations_iPad = "UIInterfaceOrientationPortrait UIInterfaceOrientationPortraitUpsideDown UIInterfaceOrientationLandscapeLeft UIInterfaceOrientationLandscapeRight";
				INFOPLIST_KEY_UISupportedInterfaceOrientations_iPhone = "UIInterfaceOrientationPortrait UIInterfaceOrientationLandscapeLeft UIInterfaceOrientationLandscapeRight";
				IPHONEOS_DEPLOYMENT_TARGET = 15.0;
				LD_RUNPATH_SEARCH_PATHS = (
					"$(inherited)",
					"@executable_path/Frameworks",
				);
				MARKETING_VERSION = 1.0.3;
				PRODUCT_BUNDLE_IDENTIFIER = "com.ImpulseCoupledDevelopment.Tyre-Myles";
				PRODUCT_NAME = "$(TARGET_NAME)";
				SUPPORTS_MACCATALYST = NO;
				SUPPORTS_MAC_DESIGNED_FOR_IPHONE_IPAD = NO;
				SWIFT_EMIT_LOC_STRINGS = YES;
				SWIFT_VERSION = 5.0;
				TARGETED_DEVICE_FAMILY = 1;
			};
			name = Debug;
		};
		18C3A10C271DADAE005EB3E9 /* Release */ = {
			isa = XCBuildConfiguration;
			buildSettings = {
				ASSETCATALOG_COMPILER_APPICON_NAME = AppIcon;
				ASSETCATALOG_COMPILER_GLOBAL_ACCENT_COLOR_NAME = AccentColor;
				CODE_SIGN_ENTITLEMENTS = "Tyre Myles/Tyre Myles.entitlements";
				CODE_SIGN_STYLE = Automatic;
				CURRENT_PROJECT_VERSION = 7;
				DEVELOPMENT_ASSET_PATHS = "\"Tyre Myles/Preview Content\"";
				DEVELOPMENT_TEAM = 4Q332864D3;
				ENABLE_PREVIEWS = YES;
				GENERATE_INFOPLIST_FILE = YES;
				INFOPLIST_FILE = "Tyre-Myles-Info.plist";
				INFOPLIST_KEY_UIApplicationSupportsIndirectInputEvents = YES;
				INFOPLIST_KEY_UILaunchScreen_Generation = YES;
				INFOPLIST_KEY_UISupportedInterfaceOrientations_iPad = "UIInterfaceOrientationPortrait UIInterfaceOrientationPortraitUpsideDown UIInterfaceOrientationLandscapeLeft UIInterfaceOrientationLandscapeRight";
				INFOPLIST_KEY_UISupportedInterfaceOrientations_iPhone = "UIInterfaceOrientationPortrait UIInterfaceOrientationLandscapeLeft UIInterfaceOrientationLandscapeRight";
				IPHONEOS_DEPLOYMENT_TARGET = 15.0;
				LD_RUNPATH_SEARCH_PATHS = (
					"$(inherited)",
					"@executable_path/Frameworks",
				);
				MARKETING_VERSION = 1.0.3;
				PRODUCT_BUNDLE_IDENTIFIER = "com.ImpulseCoupledDevelopment.Tyre-Myles";
				PRODUCT_NAME = "$(TARGET_NAME)";
				SUPPORTS_MACCATALYST = NO;
				SUPPORTS_MAC_DESIGNED_FOR_IPHONE_IPAD = NO;
				SWIFT_EMIT_LOC_STRINGS = YES;
				SWIFT_VERSION = 5.0;
				TARGETED_DEVICE_FAMILY = 1;
			};
			name = Release;
		};
/* End XCBuildConfiguration section */

/* Begin XCConfigurationList section */
		18C3A0F2271DADAD005EB3E9 /* Build configuration list for PBXProject "Tyre Myles" */ = {
			isa = XCConfigurationList;
			buildConfigurations = (
				18C3A108271DADAE005EB3E9 /* Debug */,
				18C3A109271DADAE005EB3E9 /* Release */,
			);
			defaultConfigurationIsVisible = 0;
			defaultConfigurationName = Release;
		};
		18C3A10A271DADAE005EB3E9 /* Build configuration list for PBXNativeTarget "Tyre Myles" */ = {
			isa = XCConfigurationList;
			buildConfigurations = (
				18C3A10B271DADAE005EB3E9 /* Debug */,
				18C3A10C271DADAE005EB3E9 /* Release */,
			);
			defaultConfigurationIsVisible = 0;
			defaultConfigurationName = Release;
		};
/* End XCConfigurationList section */

/* Begin XCVersionGroup section */
		18C3A105271DADAE005EB3E9 /* Tyre_Myles.xcdatamodeld */ = {
			isa = XCVersionGroup;
			children = (
				18C3A106271DADAE005EB3E9 /* Tyre_Myles.xcdatamodel */,
			);
			currentVersion = 18C3A106271DADAE005EB3E9 /* Tyre_Myles.xcdatamodel */;
			path = Tyre_Myles.xcdatamodeld;
			sourceTree = "<group>";
			versionGroupType = wrapper.xcdatamodel;
		};
/* End XCVersionGroup section */
	};
	rootObject = 18C3A0EF271DADAD005EB3E9 /* Project object */;
}
